
Microsoft Visual Studio Solution File, Format Version 12.00
# Visual Studio Version 17
VisualStudioVersion = 17.11.35327.3
MinimumVisualStudioVersion = 10.0.40219.1
Project("{FAE04EC0-301F-11D3-BF4B-00C04F79EFBC}") = "class shop", "class shop\class shop.csproj", "{206C13DA-6839-4ED4-AF49-961079660E75}"
EndProject
Global
	GlobalSection(SolutionConfigurationPlatforms) = preSolution
		Debug|Any CPU = Debug|Any CPU
		Release|Any CPU = Release|Any CPU
	EndGlobalSection
	GlobalSection(ProjectConfigurationPlatforms) = postSolution
		{206C13DA-6839-4ED4-AF49-961079660E75}.Debug|Any CPU.ActiveCfg = Debug|Any CPU
		{206C13DA-6839-4ED4-AF49-961079660E75}.Debug|Any CPU.Build.0 = Debug|Any CPU
		{206C13DA-6839-4ED4-AF49-961079660E75}.Release|Any CPU.ActiveCfg = Release|Any CPU
		{206C13DA-6839-4ED4-AF49-961079660E75}.Release|Any CPU.Build.0 = Release|Any CPU
	EndGlobalSection
	GlobalSection(SolutionProperties) = preSolution
		HideSolutionNode = FALSE
	EndGlobalSection
	GlobalSection(ExtensibilityGlobals) = postSolution
		SolutionGuid = {86DFD430-335C-4991-A208-B6A1D2106175}
	EndGlobalSection
EndGlobal
