
Microsoft Visual Studio Solution File, Format Version 12.00
# Visual Studio Version 17
VisualStudioVersion = 17.11.35327.3
MinimumVisualStudioVersion = 10.0.40219.1
Project("{FAE04EC0-301F-11D3-BF4B-00C04F79EFBC}") = "filtering an array", "filtering an array\filtering an array.csproj", "{C8E221D0-8ECC-4FEA-AC1C-75D5365F0EE6}"
EndProject
Global
	GlobalSection(SolutionConfigurationPlatforms) = preSolution
		Debug|Any CPU = Debug|Any CPU
		Release|Any CPU = Release|Any CPU
	EndGlobalSection
	GlobalSection(ProjectConfigurationPlatforms) = postSolution
		{C8E221D0-8ECC-4FEA-AC1C-75D5365F0EE6}.Debug|Any CPU.ActiveCfg = Debug|Any CPU
		{C8E221D0-8ECC-4FEA-AC1C-75D5365F0EE6}.Debug|Any CPU.Build.0 = Debug|Any CPU
		{C8E221D0-8ECC-4FEA-AC1C-75D5365F0EE6}.Release|Any CPU.ActiveCfg = Release|Any CPU
		{C8E221D0-8ECC-4FEA-AC1C-75D5365F0EE6}.Release|Any CPU.Build.0 = Release|Any CPU
	EndGlobalSection
	GlobalSection(SolutionProperties) = preSolution
		HideSolutionNode = FALSE
	EndGlobalSection
	GlobalSection(ExtensibilityGlobals) = postSolution
		SolutionGuid = {EAAE958C-EB62-4339-9DCE-F31EA64C9B4A}
	EndGlobalSection
EndGlobal
